
Microsoft Visual Studio Solution File, Format Version 12.00
# Visual Studio Version 16
VisualStudioVersion = 16.0.30011.22
MinimumVisualStudioVersion = 10.0.40219.1
Project("{FAE04EC0-301F-11D3-BF4B-00C04F79EFBC}") = "Pazaryeri.Entities", "Pazaryeri.Entities\Pazaryeri.Entities.csproj", "{4D356870-F354-4F53-B1C1-405672DED48F}"
EndProject
Project("{FAE04EC0-301F-11D3-BF4B-00C04F79EFBC}") = "Pazaryeri.DTO", "Pazaryeri.DTO\Pazaryeri.DTO.csproj", "{914199DE-9BD1-4370-9FEE-58D38761DFC9}"
EndProject
Project("{FAE04EC0-301F-11D3-BF4B-00C04F79EFBC}") = "Pazaryeri.DataAccess", "Pazaryeri.DataAccess\Pazaryeri.DataAccess.csproj", "{A101B9D4-5152-4D3F-818A-61851A355ECE}"
EndProject
Project("{FAE04EC0-301F-11D3-BF4B-00C04F79EFBC}") = "Pazaryeri.Business", "Pazaryeri.Business\Pazaryeri.Business.csproj", "{1188C2E7-2D19-4378-9707-BE554E82A822}"
EndProject
Project("{FAE04EC0-301F-11D3-BF4B-00C04F79EFBC}") = "Pazaryeri.Web", "Pazaryeri.Web\Pazaryeri.Web.csproj", "{4709778E-A0E6-45D5-85F4-811B7D8A32DE}"
EndProject
Global
	GlobalSection(SolutionConfigurationPlatforms) = preSolution
		Debug|Any CPU = Debug|Any CPU
		Release|Any CPU = Release|Any CPU
	EndGlobalSection
	GlobalSection(ProjectConfigurationPlatforms) = postSolution
		{4D356870-F354-4F53-B1C1-405672DED48F}.Debug|Any CPU.ActiveCfg = Debug|Any CPU
		{4D356870-F354-4F53-B1C1-405672DED48F}.Debug|Any CPU.Build.0 = Debug|Any CPU
		{4D356870-F354-4F53-B1C1-405672DED48F}.Release|Any CPU.ActiveCfg = Release|Any CPU
		{4D356870-F354-4F53-B1C1-405672DED48F}.Release|Any CPU.Build.0 = Release|Any CPU
		{914199DE-9BD1-4370-9FEE-58D38761DFC9}.Debug|Any CPU.ActiveCfg = Debug|Any CPU
		{914199DE-9BD1-4370-9FEE-58D38761DFC9}.Debug|Any CPU.Build.0 = Debug|Any CPU
		{914199DE-9BD1-4370-9FEE-58D38761DFC9}.Release|Any CPU.ActiveCfg = Release|Any CPU
		{914199DE-9BD1-4370-9FEE-58D38761DFC9}.Release|Any CPU.Build.0 = Release|Any CPU
		{A101B9D4-5152-4D3F-818A-61851A355ECE}.Debug|Any CPU.ActiveCfg = Debug|Any CPU
		{A101B9D4-5152-4D3F-818A-61851A355ECE}.Debug|Any CPU.Build.0 = Debug|Any CPU
		{A101B9D4-5152-4D3F-818A-61851A355ECE}.Release|Any CPU.ActiveCfg = Release|Any CPU
		{A101B9D4-5152-4D3F-818A-61851A355ECE}.Release|Any CPU.Build.0 = Release|Any CPU
		{1188C2E7-2D19-4378-9707-BE554E82A822}.Debug|Any CPU.ActiveCfg = Debug|Any CPU
		{1188C2E7-2D19-4378-9707-BE554E82A822}.Debug|Any CPU.Build.0 = Debug|Any CPU
		{1188C2E7-2D19-4378-9707-BE554E82A822}.Release|Any CPU.ActiveCfg = Release|Any CPU
		{1188C2E7-2D19-4378-9707-BE554E82A822}.Release|Any CPU.Build.0 = Release|Any CPU
		{4709778E-A0E6-45D5-85F4-811B7D8A32DE}.Debug|Any CPU.ActiveCfg = Debug|Any CPU
		{4709778E-A0E6-45D5-85F4-811B7D8A32DE}.Debug|Any CPU.Build.0 = Debug|Any CPU
		{4709778E-A0E6-45D5-85F4-811B7D8A32DE}.Release|Any CPU.ActiveCfg = Release|Any CPU
		{4709778E-A0E6-45D5-85F4-811B7D8A32DE}.Release|Any CPU.Build.0 = Release|Any CPU
	EndGlobalSection
	GlobalSection(SolutionProperties) = preSolution
		HideSolutionNode = FALSE
	EndGlobalSection
	GlobalSection(ExtensibilityGlobals) = postSolution
		SolutionGuid = {AC2B1ABD-B63C-45D9-88F9-65FC0118A553}
	EndGlobalSection
EndGlobal
